
Microsoft Visual Studio Solution File, Format Version 12.00
# Visual Studio 2013
VisualStudioVersion = 12.0.30324.0
MinimumVisualStudioVersion = 10.0.40219.1
Project("{2150E333-8FDC-42A3-9474-1A3956D46DE8}") = "SimpleFactoryDemo01", "SimpleFactoryDemo01", "{4831AD4B-B8E5-46CF-A700-F56ADB8F9C09}"
EndProject
Project("{FAE04EC0-301F-11D3-BF4B-00C04F79EFBC}") = "SimpleFactoryDemo01", "SimpleFactoryDemo01\SimpleFactoryDemo01.csproj", "{86FC0B34-CB59-4FF9-85DC-04DD70A8B5AE}"
EndProject
Project("{2150E333-8FDC-42A3-9474-1A3956D46DE8}") = "SimpleFactoryDemo02", "SimpleFactoryDemo02", "{84403EDB-0556-4C04-818D-CCAF8F09D709}"
EndProject
Project("{FAE04EC0-301F-11D3-BF4B-00C04F79EFBC}") = "SimpleFactoryDemo02", "SimpleFactoryDemo02\SimpleFactoryDemo02.csproj", "{56C6A881-55A3-45C7-BE33-B15611B27646}"
EndProject
Project("{FAE04EC0-301F-11D3-BF4B-00C04F79EFBC}") = "SimpleLibrary01", "SimpleLibrary01\SimpleLibrary01.csproj", "{5EC30C1C-6D62-4446-94E6-A027E36D8851}"
EndProject
Project("{FAE04EC0-301F-11D3-BF4B-00C04F79EFBC}") = "SimpleLibrary02", "SimpleLibrary02\SimpleLibrary02.csproj", "{18AE23CB-DB91-4148-AF29-730E14642BA6}"
EndProject
Project("{2150E333-8FDC-42A3-9474-1A3956D46DE8}") = "SimpleFactoryDemo03", "SimpleFactoryDemo03", "{691A1227-088B-4E29-AF73-B9F55F882FC1}"
EndProject
Project("{FAE04EC0-301F-11D3-BF4B-00C04F79EFBC}") = "SimpleFactoryDemo03", "SimpleFactoryDemo03\SimpleFactoryDemo03.csproj", "{0E39A984-FF81-4E7E-B8E7-588FA4420020}"
EndProject
Project("{FAE04EC0-301F-11D3-BF4B-00C04F79EFBC}") = "SimpleLibrary03", "SimpleLibrary03\SimpleLibrary03.csproj", "{52D2620F-EEE2-455F-A72A-2EF5617C933A}"
EndProject
Project("{2150E333-8FDC-42A3-9474-1A3956D46DE8}") = "SimpleFactoryDemo04", "SimpleFactoryDemo04", "{01C0F1B3-5653-4844-BA86-81371325AD75}"
EndProject
Project("{FAE04EC0-301F-11D3-BF4B-00C04F79EFBC}") = "SimpleFactoryDemo04", "SimpleFactoryDemo04\SimpleFactoryDemo04.csproj", "{E712A3A7-01F7-46F2-B77E-C847A36585B1}"
EndProject
Project("{FAE04EC0-301F-11D3-BF4B-00C04F79EFBC}") = "SimpleLibrary04", "SimpleLibrary04\SimpleLibrary04.csproj", "{0652791D-528B-41F3-8A5B-1F96C386EC65}"
EndProject
Project("{F088123C-0E9E-452A-89E6-6BA2F21D5CAC}") = "ModelingProject1", "ModelingProject1\ModelingProject1.modelproj", "{9EE90807-3BC7-4532-966B-936C13C00906}"
EndProject
Global
	GlobalSection(SolutionConfigurationPlatforms) = preSolution
		Debug|Any CPU = Debug|Any CPU
		Release|Any CPU = Release|Any CPU
	EndGlobalSection
	GlobalSection(ProjectConfigurationPlatforms) = postSolution
		{86FC0B34-CB59-4FF9-85DC-04DD70A8B5AE}.Debug|Any CPU.ActiveCfg = Debug|Any CPU
		{86FC0B34-CB59-4FF9-85DC-04DD70A8B5AE}.Debug|Any CPU.Build.0 = Debug|Any CPU
		{86FC0B34-CB59-4FF9-85DC-04DD70A8B5AE}.Release|Any CPU.ActiveCfg = Release|Any CPU
		{86FC0B34-CB59-4FF9-85DC-04DD70A8B5AE}.Release|Any CPU.Build.0 = Release|Any CPU
		{56C6A881-55A3-45C7-BE33-B15611B27646}.Debug|Any CPU.ActiveCfg = Debug|Any CPU
		{56C6A881-55A3-45C7-BE33-B15611B27646}.Debug|Any CPU.Build.0 = Debug|Any CPU
		{56C6A881-55A3-45C7-BE33-B15611B27646}.Release|Any CPU.ActiveCfg = Release|Any CPU
		{56C6A881-55A3-45C7-BE33-B15611B27646}.Release|Any CPU.Build.0 = Release|Any CPU
		{5EC30C1C-6D62-4446-94E6-A027E36D8851}.Debug|Any CPU.ActiveCfg = Debug|Any CPU
		{5EC30C1C-6D62-4446-94E6-A027E36D8851}.Debug|Any CPU.Build.0 = Debug|Any CPU
		{5EC30C1C-6D62-4446-94E6-A027E36D8851}.Release|Any CPU.ActiveCfg = Release|Any CPU
		{5EC30C1C-6D62-4446-94E6-A027E36D8851}.Release|Any CPU.Build.0 = Release|Any CPU
		{18AE23CB-DB91-4148-AF29-730E14642BA6}.Debug|Any CPU.ActiveCfg = Debug|Any CPU
		{18AE23CB-DB91-4148-AF29-730E14642BA6}.Debug|Any CPU.Build.0 = Debug|Any CPU
		{18AE23CB-DB91-4148-AF29-730E14642BA6}.Release|Any CPU.ActiveCfg = Release|Any CPU
		{18AE23CB-DB91-4148-AF29-730E14642BA6}.Release|Any CPU.Build.0 = Release|Any CPU
		{0E39A984-FF81-4E7E-B8E7-588FA4420020}.Debug|Any CPU.ActiveCfg = Debug|Any CPU
		{0E39A984-FF81-4E7E-B8E7-588FA4420020}.Debug|Any CPU.Build.0 = Debug|Any CPU
		{0E39A984-FF81-4E7E-B8E7-588FA4420020}.Release|Any CPU.ActiveCfg = Release|Any CPU
		{0E39A984-FF81-4E7E-B8E7-588FA4420020}.Release|Any CPU.Build.0 = Release|Any CPU
		{52D2620F-EEE2-455F-A72A-2EF5617C933A}.Debug|Any CPU.ActiveCfg = Debug|Any CPU
		{52D2620F-EEE2-455F-A72A-2EF5617C933A}.Debug|Any CPU.Build.0 = Debug|Any CPU
		{52D2620F-EEE2-455F-A72A-2EF5617C933A}.Release|Any CPU.ActiveCfg = Release|Any CPU
		{52D2620F-EEE2-455F-A72A-2EF5617C933A}.Release|Any CPU.Build.0 = Release|Any CPU
		{E712A3A7-01F7-46F2-B77E-C847A36585B1}.Debug|Any CPU.ActiveCfg = Debug|Any CPU
		{E712A3A7-01F7-46F2-B77E-C847A36585B1}.Debug|Any CPU.Build.0 = Debug|Any CPU
		{E712A3A7-01F7-46F2-B77E-C847A36585B1}.Release|Any CPU.ActiveCfg = Release|Any CPU
		{E712A3A7-01F7-46F2-B77E-C847A36585B1}.Release|Any CPU.Build.0 = Release|Any CPU
		{0652791D-528B-41F3-8A5B-1F96C386EC65}.Debug|Any CPU.ActiveCfg = Debug|Any CPU
		{0652791D-528B-41F3-8A5B-1F96C386EC65}.Debug|Any CPU.Build.0 = Debug|Any CPU
		{0652791D-528B-41F3-8A5B-1F96C386EC65}.Release|Any CPU.ActiveCfg = Release|Any CPU
		{0652791D-528B-41F3-8A5B-1F96C386EC65}.Release|Any CPU.Build.0 = Release|Any CPU
		{9EE90807-3BC7-4532-966B-936C13C00906}.Debug|Any CPU.ActiveCfg = Debug|Any CPU
		{9EE90807-3BC7-4532-966B-936C13C00906}.Debug|Any CPU.Build.0 = Debug|Any CPU
		{9EE90807-3BC7-4532-966B-936C13C00906}.Release|Any CPU.ActiveCfg = Release|Any CPU
		{9EE90807-3BC7-4532-966B-936C13C00906}.Release|Any CPU.Build.0 = Release|Any CPU
	EndGlobalSection
	GlobalSection(SolutionProperties) = preSolution
		HideSolutionNode = FALSE
	EndGlobalSection
	GlobalSection(NestedProjects) = preSolution
		{86FC0B34-CB59-4FF9-85DC-04DD70A8B5AE} = {4831AD4B-B8E5-46CF-A700-F56ADB8F9C09}
		{56C6A881-55A3-45C7-BE33-B15611B27646} = {84403EDB-0556-4C04-818D-CCAF8F09D709}
		{5EC30C1C-6D62-4446-94E6-A027E36D8851} = {4831AD4B-B8E5-46CF-A700-F56ADB8F9C09}
		{18AE23CB-DB91-4148-AF29-730E14642BA6} = {84403EDB-0556-4C04-818D-CCAF8F09D709}
		{0E39A984-FF81-4E7E-B8E7-588FA4420020} = {691A1227-088B-4E29-AF73-B9F55F882FC1}
		{52D2620F-EEE2-455F-A72A-2EF5617C933A} = {691A1227-088B-4E29-AF73-B9F55F882FC1}
		{E712A3A7-01F7-46F2-B77E-C847A36585B1} = {01C0F1B3-5653-4844-BA86-81371325AD75}
		{0652791D-528B-41F3-8A5B-1F96C386EC65} = {01C0F1B3-5653-4844-BA86-81371325AD75}
	EndGlobalSection
EndGlobal
