
Microsoft Visual Studio Solution File, Format Version 12.00
# Visual Studio 2013
VisualStudioVersion = 12.0.30324.0
MinimumVisualStudioVersion = 10.0.40219.1
Project("{FAE04EC0-301F-11D3-BF4B-00C04F79EFBC}") = "TypeModifilerDemo01", "TypeModifilerDemo01\TypeModifilerDemo01.csproj", "{A1F52EEC-382E-4F3D-A592-8DEECFA596EF}"
EndProject
Project("{FAE04EC0-301F-11D3-BF4B-00C04F79EFBC}") = "ModifilerLibrary", "ModifilerLibrary\ModifilerLibrary.csproj", "{1B0072B9-2EBD-47A0-BA52-89C69BFC0CE0}"
EndProject
Global
	GlobalSection(SolutionConfigurationPlatforms) = preSolution
		Debug|Any CPU = Debug|Any CPU
		Release|Any CPU = Release|Any CPU
	EndGlobalSection
	GlobalSection(ProjectConfigurationPlatforms) = postSolution
		{A1F52EEC-382E-4F3D-A592-8DEECFA596EF}.Debug|Any CPU.ActiveCfg = Debug|Any CPU
		{A1F52EEC-382E-4F3D-A592-8DEECFA596EF}.Debug|Any CPU.Build.0 = Debug|Any CPU
		{A1F52EEC-382E-4F3D-A592-8DEECFA596EF}.Release|Any CPU.ActiveCfg = Release|Any CPU
		{A1F52EEC-382E-4F3D-A592-8DEECFA596EF}.Release|Any CPU.Build.0 = Release|Any CPU
		{1B0072B9-2EBD-47A0-BA52-89C69BFC0CE0}.Debug|Any CPU.ActiveCfg = Debug|Any CPU
		{1B0072B9-2EBD-47A0-BA52-89C69BFC0CE0}.Debug|Any CPU.Build.0 = Debug|Any CPU
		{1B0072B9-2EBD-47A0-BA52-89C69BFC0CE0}.Release|Any CPU.ActiveCfg = Release|Any CPU
		{1B0072B9-2EBD-47A0-BA52-89C69BFC0CE0}.Release|Any CPU.Build.0 = Release|Any CPU
	EndGlobalSection
	GlobalSection(SolutionProperties) = preSolution
		HideSolutionNode = FALSE
	EndGlobalSection
EndGlobal
