
Microsoft Visual Studio Solution File, Format Version 12.00
# Visual Studio 2013
VisualStudioVersion = 12.0.30324.0
MinimumVisualStudioVersion = 10.0.40219.1
Project("{FAE04EC0-301F-11D3-BF4B-00C04F79EFBC}") = "AssemblyLoadDemo01", "AssemblyLoadDemo01\AssemblyLoadDemo01.csproj", "{A0C82BBD-F0B1-443C-820F-559C446C9087}"
EndProject
Project("{FAE04EC0-301F-11D3-BF4B-00C04F79EFBC}") = "TestLibrary01", "TestLibrary01\TestLibrary01.csproj", "{A277D6B5-1C6A-458C-9148-B807F533AAE0}"
EndProject
Project("{FAE04EC0-301F-11D3-BF4B-00C04F79EFBC}") = "TestLibrary02", "TestLibrary02\TestLibrary02.csproj", "{A6725163-4727-473E-BF11-7D0C6FAD62B8}"
EndProject
Project("{FAE04EC0-301F-11D3-BF4B-00C04F79EFBC}") = "AssemblyInstance01", "AssemblyInstance01\AssemblyInstance01.csproj", "{63EFFB00-2245-408A-BFA6-824FA2C03E69}"
EndProject
Global
	GlobalSection(SolutionConfigurationPlatforms) = preSolution
		Debug|Any CPU = Debug|Any CPU
		Release|Any CPU = Release|Any CPU
	EndGlobalSection
	GlobalSection(ProjectConfigurationPlatforms) = postSolution
		{A0C82BBD-F0B1-443C-820F-559C446C9087}.Debug|Any CPU.ActiveCfg = Debug|Any CPU
		{A0C82BBD-F0B1-443C-820F-559C446C9087}.Debug|Any CPU.Build.0 = Debug|Any CPU
		{A0C82BBD-F0B1-443C-820F-559C446C9087}.Release|Any CPU.ActiveCfg = Release|Any CPU
		{A0C82BBD-F0B1-443C-820F-559C446C9087}.Release|Any CPU.Build.0 = Release|Any CPU
		{A277D6B5-1C6A-458C-9148-B807F533AAE0}.Debug|Any CPU.ActiveCfg = Debug|Any CPU
		{A277D6B5-1C6A-458C-9148-B807F533AAE0}.Debug|Any CPU.Build.0 = Debug|Any CPU
		{A277D6B5-1C6A-458C-9148-B807F533AAE0}.Release|Any CPU.ActiveCfg = Release|Any CPU
		{A277D6B5-1C6A-458C-9148-B807F533AAE0}.Release|Any CPU.Build.0 = Release|Any CPU
		{A6725163-4727-473E-BF11-7D0C6FAD62B8}.Debug|Any CPU.ActiveCfg = Debug|Any CPU
		{A6725163-4727-473E-BF11-7D0C6FAD62B8}.Debug|Any CPU.Build.0 = Debug|Any CPU
		{A6725163-4727-473E-BF11-7D0C6FAD62B8}.Release|Any CPU.ActiveCfg = Release|Any CPU
		{A6725163-4727-473E-BF11-7D0C6FAD62B8}.Release|Any CPU.Build.0 = Release|Any CPU
		{63EFFB00-2245-408A-BFA6-824FA2C03E69}.Debug|Any CPU.ActiveCfg = Debug|Any CPU
		{63EFFB00-2245-408A-BFA6-824FA2C03E69}.Debug|Any CPU.Build.0 = Debug|Any CPU
		{63EFFB00-2245-408A-BFA6-824FA2C03E69}.Release|Any CPU.ActiveCfg = Release|Any CPU
		{63EFFB00-2245-408A-BFA6-824FA2C03E69}.Release|Any CPU.Build.0 = Release|Any CPU
	EndGlobalSection
	GlobalSection(SolutionProperties) = preSolution
		HideSolutionNode = FALSE
	EndGlobalSection
EndGlobal
