
Microsoft Visual Studio Solution File, Format Version 12.00
# Visual Studio 2013
VisualStudioVersion = 12.0.30324.0
MinimumVisualStudioVersion = 10.0.40219.1
Project("{FAE04EC0-301F-11D3-BF4B-00C04F79EFBC}") = "AppDomainInstanceDemo01", "AppDomainInstanceDemo01\AppDomainInstanceDemo01.csproj", "{7BCD7CEA-D1A5-4CE4-B38E-AA6352A60BBC}"
EndProject
Project("{FAE04EC0-301F-11D3-BF4B-00C04F79EFBC}") = "TestLibrary01", "TestLibrary01\TestLibrary01.csproj", "{B268C2D2-ECF0-4B80-BDAE-C634BB83FBC5}"
EndProject
Project("{FAE04EC0-301F-11D3-BF4B-00C04F79EFBC}") = "TestLibrary02", "TestLibrary02\TestLibrary02.csproj", "{123B330F-7B18-4DA4-BE18-E4B6FACCF392}"
EndProject
Global
	GlobalSection(SolutionConfigurationPlatforms) = preSolution
		Debug|Any CPU = Debug|Any CPU
		Release|Any CPU = Release|Any CPU
	EndGlobalSection
	GlobalSection(ProjectConfigurationPlatforms) = postSolution
		{7BCD7CEA-D1A5-4CE4-B38E-AA6352A60BBC}.Debug|Any CPU.ActiveCfg = Debug|Any CPU
		{7BCD7CEA-D1A5-4CE4-B38E-AA6352A60BBC}.Debug|Any CPU.Build.0 = Debug|Any CPU
		{7BCD7CEA-D1A5-4CE4-B38E-AA6352A60BBC}.Release|Any CPU.ActiveCfg = Release|Any CPU
		{7BCD7CEA-D1A5-4CE4-B38E-AA6352A60BBC}.Release|Any CPU.Build.0 = Release|Any CPU
		{B268C2D2-ECF0-4B80-BDAE-C634BB83FBC5}.Debug|Any CPU.ActiveCfg = Debug|Any CPU
		{B268C2D2-ECF0-4B80-BDAE-C634BB83FBC5}.Debug|Any CPU.Build.0 = Debug|Any CPU
		{B268C2D2-ECF0-4B80-BDAE-C634BB83FBC5}.Release|Any CPU.ActiveCfg = Release|Any CPU
		{B268C2D2-ECF0-4B80-BDAE-C634BB83FBC5}.Release|Any CPU.Build.0 = Release|Any CPU
		{123B330F-7B18-4DA4-BE18-E4B6FACCF392}.Debug|Any CPU.ActiveCfg = Debug|Any CPU
		{123B330F-7B18-4DA4-BE18-E4B6FACCF392}.Debug|Any CPU.Build.0 = Debug|Any CPU
		{123B330F-7B18-4DA4-BE18-E4B6FACCF392}.Release|Any CPU.ActiveCfg = Release|Any CPU
		{123B330F-7B18-4DA4-BE18-E4B6FACCF392}.Release|Any CPU.Build.0 = Release|Any CPU
	EndGlobalSection
	GlobalSection(SolutionProperties) = preSolution
		HideSolutionNode = FALSE
	EndGlobalSection
EndGlobal
