
Microsoft Visual Studio Solution File, Format Version 12.00
# Visual Studio 2013
VisualStudioVersion = 12.0.30324.0
MinimumVisualStudioVersion = 10.0.40219.1
Project("{FAE04EC0-301F-11D3-BF4B-00C04F79EFBC}") = "NestConditionDemo01", "NestConditionDemo01\NestConditionDemo01.csproj", "{5A862337-F166-4247-ABCC-4BF9A4F4FF63}"
EndProject
Project("{FAE04EC0-301F-11D3-BF4B-00C04F79EFBC}") = "NestConditionDemo02", "NestConditionDemo02\NestConditionDemo02.csproj", "{F2493BCD-76F1-46D8-978E-F552E3A0461F}"
EndProject
Project("{FAE04EC0-301F-11D3-BF4B-00C04F79EFBC}") = "NestConditionDemo03", "NestConditionDemo03\NestConditionDemo03.csproj", "{41BE117F-E015-43BB-B4B9-0DC99908BBF3}"
EndProject
Global
	GlobalSection(SolutionConfigurationPlatforms) = preSolution
		Debug|Any CPU = Debug|Any CPU
		Release|Any CPU = Release|Any CPU
	EndGlobalSection
	GlobalSection(ProjectConfigurationPlatforms) = postSolution
		{5A862337-F166-4247-ABCC-4BF9A4F4FF63}.Debug|Any CPU.ActiveCfg = Debug|Any CPU
		{5A862337-F166-4247-ABCC-4BF9A4F4FF63}.Debug|Any CPU.Build.0 = Debug|Any CPU
		{5A862337-F166-4247-ABCC-4BF9A4F4FF63}.Release|Any CPU.ActiveCfg = Release|Any CPU
		{5A862337-F166-4247-ABCC-4BF9A4F4FF63}.Release|Any CPU.Build.0 = Release|Any CPU
		{F2493BCD-76F1-46D8-978E-F552E3A0461F}.Debug|Any CPU.ActiveCfg = Debug|Any CPU
		{F2493BCD-76F1-46D8-978E-F552E3A0461F}.Debug|Any CPU.Build.0 = Debug|Any CPU
		{F2493BCD-76F1-46D8-978E-F552E3A0461F}.Release|Any CPU.ActiveCfg = Release|Any CPU
		{F2493BCD-76F1-46D8-978E-F552E3A0461F}.Release|Any CPU.Build.0 = Release|Any CPU
		{41BE117F-E015-43BB-B4B9-0DC99908BBF3}.Debug|Any CPU.ActiveCfg = Debug|Any CPU
		{41BE117F-E015-43BB-B4B9-0DC99908BBF3}.Debug|Any CPU.Build.0 = Debug|Any CPU
		{41BE117F-E015-43BB-B4B9-0DC99908BBF3}.Release|Any CPU.ActiveCfg = Release|Any CPU
		{41BE117F-E015-43BB-B4B9-0DC99908BBF3}.Release|Any CPU.Build.0 = Release|Any CPU
	EndGlobalSection
	GlobalSection(SolutionProperties) = preSolution
		HideSolutionNode = FALSE
	EndGlobalSection
EndGlobal
