
Microsoft Visual Studio Solution File, Format Version 12.00
# Visual Studio 2013
VisualStudioVersion = 12.0.30324.0
MinimumVisualStudioVersion = 10.0.40219.1
Project("{FAE04EC0-301F-11D3-BF4B-00C04F79EFBC}") = "ContravariantMethodDemo01", "ContravariantMethodDemo01\ContravariantMethodDemo01.csproj", "{9AC49806-61AB-4092-AC1E-09A7B12FF3B4}"
EndProject
Project("{FAE04EC0-301F-11D3-BF4B-00C04F79EFBC}") = "ContravariantMethodDemo02", "ContravariantMethodDemo02\ContravariantMethodDemo02.csproj", "{9E9A09C1-AFBF-4E76-8376-725F1A48281C}"
EndProject
Project("{FAE04EC0-301F-11D3-BF4B-00C04F79EFBC}") = "ContravariantMethodDemo03", "ContravariantMethodDemo03\ContravariantMethodDemo03.csproj", "{27DCC666-2B6A-4771-9FC5-42F53AD98A52}"
EndProject
Global
	GlobalSection(SolutionConfigurationPlatforms) = preSolution
		Debug|Any CPU = Debug|Any CPU
		Release|Any CPU = Release|Any CPU
	EndGlobalSection
	GlobalSection(ProjectConfigurationPlatforms) = postSolution
		{9AC49806-61AB-4092-AC1E-09A7B12FF3B4}.Debug|Any CPU.ActiveCfg = Debug|Any CPU
		{9AC49806-61AB-4092-AC1E-09A7B12FF3B4}.Debug|Any CPU.Build.0 = Debug|Any CPU
		{9AC49806-61AB-4092-AC1E-09A7B12FF3B4}.Release|Any CPU.ActiveCfg = Release|Any CPU
		{9AC49806-61AB-4092-AC1E-09A7B12FF3B4}.Release|Any CPU.Build.0 = Release|Any CPU
		{9E9A09C1-AFBF-4E76-8376-725F1A48281C}.Debug|Any CPU.ActiveCfg = Debug|Any CPU
		{9E9A09C1-AFBF-4E76-8376-725F1A48281C}.Debug|Any CPU.Build.0 = Debug|Any CPU
		{9E9A09C1-AFBF-4E76-8376-725F1A48281C}.Release|Any CPU.ActiveCfg = Release|Any CPU
		{9E9A09C1-AFBF-4E76-8376-725F1A48281C}.Release|Any CPU.Build.0 = Release|Any CPU
		{27DCC666-2B6A-4771-9FC5-42F53AD98A52}.Debug|Any CPU.ActiveCfg = Debug|Any CPU
		{27DCC666-2B6A-4771-9FC5-42F53AD98A52}.Debug|Any CPU.Build.0 = Debug|Any CPU
		{27DCC666-2B6A-4771-9FC5-42F53AD98A52}.Release|Any CPU.ActiveCfg = Release|Any CPU
		{27DCC666-2B6A-4771-9FC5-42F53AD98A52}.Release|Any CPU.Build.0 = Release|Any CPU
	EndGlobalSection
	GlobalSection(SolutionProperties) = preSolution
		HideSolutionNode = FALSE
	EndGlobalSection
EndGlobal
