
Microsoft Visual Studio Solution File, Format Version 12.00
# Visual Studio 2013
VisualStudioVersion = 12.0.30324.0
MinimumVisualStudioVersion = 10.0.40219.1
Project("{FAE04EC0-301F-11D3-BF4B-00C04F79EFBC}") = "ConstDemo01", "ConstDemo01\ConstDemo01.csproj", "{8EC45E56-2698-45A3-89D8-FCDA65196C35}"
EndProject
Project("{FAE04EC0-301F-11D3-BF4B-00C04F79EFBC}") = "ConstLibrary01", "ConstLibrary01\ConstLibrary01.csproj", "{CA1ECC4E-C42B-494C-A164-C0A6E768C0B8}"
EndProject
Project("{FAE04EC0-301F-11D3-BF4B-00C04F79EFBC}") = "ConstLibrary02", "ConstLibrary02\ConstLibrary02.csproj", "{9604CE48-D65C-45DD-B711-F327DAE206BA}"
EndProject
Global
	GlobalSection(SolutionConfigurationPlatforms) = preSolution
		Debug|Any CPU = Debug|Any CPU
		Release|Any CPU = Release|Any CPU
	EndGlobalSection
	GlobalSection(ProjectConfigurationPlatforms) = postSolution
		{8EC45E56-2698-45A3-89D8-FCDA65196C35}.Debug|Any CPU.ActiveCfg = Debug|Any CPU
		{8EC45E56-2698-45A3-89D8-FCDA65196C35}.Debug|Any CPU.Build.0 = Debug|Any CPU
		{8EC45E56-2698-45A3-89D8-FCDA65196C35}.Release|Any CPU.ActiveCfg = Release|Any CPU
		{8EC45E56-2698-45A3-89D8-FCDA65196C35}.Release|Any CPU.Build.0 = Release|Any CPU
		{CA1ECC4E-C42B-494C-A164-C0A6E768C0B8}.Debug|Any CPU.ActiveCfg = Debug|Any CPU
		{CA1ECC4E-C42B-494C-A164-C0A6E768C0B8}.Debug|Any CPU.Build.0 = Debug|Any CPU
		{CA1ECC4E-C42B-494C-A164-C0A6E768C0B8}.Release|Any CPU.ActiveCfg = Release|Any CPU
		{CA1ECC4E-C42B-494C-A164-C0A6E768C0B8}.Release|Any CPU.Build.0 = Release|Any CPU
		{9604CE48-D65C-45DD-B711-F327DAE206BA}.Debug|Any CPU.ActiveCfg = Debug|Any CPU
		{9604CE48-D65C-45DD-B711-F327DAE206BA}.Debug|Any CPU.Build.0 = Debug|Any CPU
		{9604CE48-D65C-45DD-B711-F327DAE206BA}.Release|Any CPU.ActiveCfg = Release|Any CPU
		{9604CE48-D65C-45DD-B711-F327DAE206BA}.Release|Any CPU.Build.0 = Release|Any CPU
	EndGlobalSection
	GlobalSection(SolutionProperties) = preSolution
		HideSolutionNode = FALSE
	EndGlobalSection
EndGlobal
